
Microsoft Visual Studio Solution File, Format Version 12.00
# Visual Studio Version 17
VisualStudioVersion = 17.9.34723.18
MinimumVisualStudioVersion = 10.0.40219.1
Project("{9A19103F-16F7-4668-BE54-9A1E7A4F7556}") = "Server", "Server\Server.csproj", "{5AE11CE5-0B92-45F6-A522-BD6268D50413}"
EndProject
Project("{9A19103F-16F7-4668-BE54-9A1E7A4F7556}") = "Client", "Client\Client.csproj", "{058F493C-9FBD-4FBF-9C45-AF09016AFF27}"
EndProject
Project("{9A19103F-16F7-4668-BE54-9A1E7A4F7556}") = "BaseLibrary", "BaseLibrary\BaseLibrary.csproj", "{EE3B4535-F1A3-473C-BFAF-CB2F7BA6DB35}"
EndProject
Project("{9A19103F-16F7-4668-BE54-9A1E7A4F7556}") = "ClientLibrary", "ClientLibrary\ClientLibrary.csproj", "{734F20C9-4EFB-442F-B4A4-377F628BE7E0}"
EndProject
Project("{9A19103F-16F7-4668-BE54-9A1E7A4F7556}") = "ServerLibrary", "ServerLibrary\ServerLibrary.csproj", "{4E01221F-7914-4243-928E-2EFB81D8D0A3}"
EndProject
Global
	GlobalSection(SolutionConfigurationPlatforms) = preSolution
		Debug|Any CPU = Debug|Any CPU
		Release|Any CPU = Release|Any CPU
	EndGlobalSection
	GlobalSection(ProjectConfigurationPlatforms) = postSolution
		{5AE11CE5-0B92-45F6-A522-BD6268D50413}.Debug|Any CPU.ActiveCfg = Debug|Any CPU
		{5AE11CE5-0B92-45F6-A522-BD6268D50413}.Debug|Any CPU.Build.0 = Debug|Any CPU
		{5AE11CE5-0B92-45F6-A522-BD6268D50413}.Release|Any CPU.ActiveCfg = Release|Any CPU
		{5AE11CE5-0B92-45F6-A522-BD6268D50413}.Release|Any CPU.Build.0 = Release|Any CPU
		{058F493C-9FBD-4FBF-9C45-AF09016AFF27}.Debug|Any CPU.ActiveCfg = Debug|Any CPU
		{058F493C-9FBD-4FBF-9C45-AF09016AFF27}.Debug|Any CPU.Build.0 = Debug|Any CPU
		{058F493C-9FBD-4FBF-9C45-AF09016AFF27}.Release|Any CPU.ActiveCfg = Release|Any CPU
		{058F493C-9FBD-4FBF-9C45-AF09016AFF27}.Release|Any CPU.Build.0 = Release|Any CPU
		{EE3B4535-F1A3-473C-BFAF-CB2F7BA6DB35}.Debug|Any CPU.ActiveCfg = Debug|Any CPU
		{EE3B4535-F1A3-473C-BFAF-CB2F7BA6DB35}.Debug|Any CPU.Build.0 = Debug|Any CPU
		{EE3B4535-F1A3-473C-BFAF-CB2F7BA6DB35}.Release|Any CPU.ActiveCfg = Release|Any CPU
		{EE3B4535-F1A3-473C-BFAF-CB2F7BA6DB35}.Release|Any CPU.Build.0 = Release|Any CPU
		{734F20C9-4EFB-442F-B4A4-377F628BE7E0}.Debug|Any CPU.ActiveCfg = Debug|Any CPU
		{734F20C9-4EFB-442F-B4A4-377F628BE7E0}.Debug|Any CPU.Build.0 = Debug|Any CPU
		{734F20C9-4EFB-442F-B4A4-377F628BE7E0}.Release|Any CPU.ActiveCfg = Release|Any CPU
		{734F20C9-4EFB-442F-B4A4-377F628BE7E0}.Release|Any CPU.Build.0 = Release|Any CPU
		{4E01221F-7914-4243-928E-2EFB81D8D0A3}.Debug|Any CPU.ActiveCfg = Debug|Any CPU
		{4E01221F-7914-4243-928E-2EFB81D8D0A3}.Debug|Any CPU.Build.0 = Debug|Any CPU
		{4E01221F-7914-4243-928E-2EFB81D8D0A3}.Release|Any CPU.ActiveCfg = Release|Any CPU
		{4E01221F-7914-4243-928E-2EFB81D8D0A3}.Release|Any CPU.Build.0 = Release|Any CPU
	EndGlobalSection
	GlobalSection(SolutionProperties) = preSolution
		HideSolutionNode = FALSE
	EndGlobalSection
	GlobalSection(ExtensibilityGlobals) = postSolution
		SolutionGuid = {BE98FB12-1CE3-4BFF-9017-5FA67F38D02E}
	EndGlobalSection
EndGlobal
